Microsoft Visual Studio Solution File, Format Version 12.00
# Visual Studio 2012
Project("{FAE04EC0-301F-11D3-BF4B-00C04F79EFBC}") = "Assembly-CSharp-firstpass", "Assembly-CSharp-firstpass.csproj", "{2CBB49D6-FAE5-B2D8-19E3-830DA96EB323}"
EndProject
Project("{FAE04EC0-301F-11D3-BF4B-00C04F79EFBC}") = "Luncher", "Luncher\Luncher.csproj", "{67D17003-C6C2-4A42-B9A2-A3D8E79A7329}"
EndProject
Global
	GlobalSection(SolutionConfigurationPlatforms) = preSolution
		Debug|Any CPU = Debug|Any CPU
		Release|Any CPU = Release|Any CPU
	EndGlobalSection
	GlobalSection(ProjectConfigurationPlatforms) = postSolution
		{2CBB49D6-FAE5-B2D8-19E3-830DA96EB323}.Debug|Any CPU.ActiveCfg = Debug|Any CPU
		{2CBB49D6-FAE5-B2D8-19E3-830DA96EB323}.Debug|Any CPU.Build.0 = Debug|Any CPU
		{2CBB49D6-FAE5-B2D8-19E3-830DA96EB323}.Release|Any CPU.ActiveCfg = Release|Any CPU
		{2CBB49D6-FAE5-B2D8-19E3-830DA96EB323}.Release|Any CPU.Build.0 = Release|Any CPU
		{67D17003-C6C2-4A42-B9A2-A3D8E79A7329}.Debug|Any CPU.ActiveCfg = Debug|Any CPU
		{67D17003-C6C2-4A42-B9A2-A3D8E79A7329}.Debug|Any CPU.Build.0 = Debug|Any CPU
		{67D17003-C6C2-4A42-B9A2-A3D8E79A7329}.Release|Any CPU.ActiveCfg = Release|Any CPU
		{67D17003-C6C2-4A42-B9A2-A3D8E79A7329}.Release|Any CPU.Build.0 = Release|Any CPU
	EndGlobalSection
	GlobalSection(SolutionProperties) = preSolution
		HideSolutionNode = FALSE
	EndGlobalSection
	GlobalSection(MonoDevelopProperties) = preSolution
		StartupItem = Assembly-CSharp.csproj
	EndGlobalSection
EndGlobal
