
Microsoft Visual Studio Solution File, Format Version 12.00
# Visual Studio 2015
Project("{FAE04EC0-301F-11D3-BF4B-00C04F79EFBC}") = "win.CSharp.Plugins", "win.CSharp.Plugins.csproj", "{8B805256-18A9-67D4-0EF4-9D3D303EFE78}"
EndProject
Project("{FAE04EC0-301F-11D3-BF4B-00C04F79EFBC}") = "win.CSharp", "win.CSharp.csproj", "{8FEB1967-491E-AFBE-47DE-B9764C16765E}"
EndProject
Global
	GlobalSection(SolutionConfigurationPlatforms) = preSolution
		Debug|Any CPU = Debug|Any CPU
		Release|Any CPU = Release|Any CPU
	EndGlobalSection
	GlobalSection(ProjectConfigurationPlatforms) = postSolution
		{8B805256-18A9-67D4-0EF4-9D3D303EFE78}.Debug|Any CPU.ActiveCfg = Debug|Any CPU
		{8B805256-18A9-67D4-0EF4-9D3D303EFE78}.Debug|Any CPU.Build.0 = Debug|Any CPU
		{8B805256-18A9-67D4-0EF4-9D3D303EFE78}.Release|Any CPU.ActiveCfg = Release|Any CPU
		{8B805256-18A9-67D4-0EF4-9D3D303EFE78}.Release|Any CPU.Build.0 = Release|Any CPU
		{8FEB1967-491E-AFBE-47DE-B9764C16765E}.Debug|Any CPU.ActiveCfg = Debug|Any CPU
		{8FEB1967-491E-AFBE-47DE-B9764C16765E}.Debug|Any CPU.Build.0 = Debug|Any CPU
		{8FEB1967-491E-AFBE-47DE-B9764C16765E}.Release|Any CPU.ActiveCfg = Release|Any CPU
		{8FEB1967-491E-AFBE-47DE-B9764C16765E}.Release|Any CPU.Build.0 = Release|Any CPU
	EndGlobalSection
	GlobalSection(SolutionProperties) = preSolution
		HideSolutionNode = FALSE
	EndGlobalSection
EndGlobal
